
Microsoft Visual Studio Solution File, Format Version 12.00
# Visual Studio Version 16
VisualStudioVersion = 16.0.29306.81
MinimumVisualStudioVersion = 10.0.40219.1
Project("{FAE04EC0-301F-11D3-BF4B-00C04F79EFBC}") = "TrafficIDS", "TrafficIDS\TrafficIDS.csproj", "{8DFBE992-6450-4325-A2CE-36795DD95C98}"
EndProject
Global
	GlobalSection(SolutionConfigurationPlatforms) = preSolution
		Debug|Any CPU = Debug|Any CPU
		Release|Any CPU = Release|Any CPU
	EndGlobalSection
	GlobalSection(ProjectConfigurationPlatforms) = postSolution
		{8DFBE992-6450-4325-A2CE-36795DD95C98}.Debug|Any CPU.ActiveCfg = Debug|Any CPU
		{8DFBE992-6450-4325-A2CE-36795DD95C98}.Debug|Any CPU.Build.0 = Debug|Any CPU
		{8DFBE992-6450-4325-A2CE-36795DD95C98}.Release|Any CPU.ActiveCfg = Release|Any CPU
		{8DFBE992-6450-4325-A2CE-36795DD95C98}.Release|Any CPU.Build.0 = Release|Any CPU
	EndGlobalSection
	GlobalSection(SolutionProperties) = preSolution
		HideSolutionNode = FALSE
	EndGlobalSection
	GlobalSection(ExtensibilityGlobals) = postSolution
		SolutionGuid = {3FA86D76-AEEB-47EC-A3CC-B9346F3FDA18}
	EndGlobalSection
EndGlobal
